
Microsoft Visual Studio Solution File, Format Version 12.00
# Visual Studio Version 17
VisualStudioVersion = 17.0.32112.339
MinimumVisualStudioVersion = 10.0.40219.1
Project("{FAE04EC0-301F-11D3-BF4B-00C04F79EFBC}") = "AssignmentWeek1", "AssignmentWeek1\AssignmentWeek1.csproj", "{1F396651-DA93-4F84-A78D-B88AC132FEED}"
EndProject
Global
	GlobalSection(SolutionConfigurationPlatforms) = preSolution
		Debug|Any CPU = Debug|Any CPU
		Release|Any CPU = Release|Any CPU
	EndGlobalSection
	GlobalSection(ProjectConfigurationPlatforms) = postSolution
		{1F396651-DA93-4F84-A78D-B88AC132FEED}.Debug|Any CPU.ActiveCfg = Debug|Any CPU
		{1F396651-DA93-4F84-A78D-B88AC132FEED}.Debug|Any CPU.Build.0 = Debug|Any CPU
		{1F396651-DA93-4F84-A78D-B88AC132FEED}.Release|Any CPU.ActiveCfg = Release|Any CPU
		{1F396651-DA93-4F84-A78D-B88AC132FEED}.Release|Any CPU.Build.0 = Release|Any CPU
	EndGlobalSection
	GlobalSection(SolutionProperties) = preSolution
		HideSolutionNode = FALSE
	EndGlobalSection
	GlobalSection(ExtensibilityGlobals) = postSolution
		SolutionGuid = {C18FF662-7A78-4D8C-9BF2-E6B8B9D8EC1C}
	EndGlobalSection
EndGlobal
